
Microsoft Visual Studio Solution File, Format Version 12.00
Project("{FAE04EC0-301F-11D3-BF4B-00C04F79EFBC}") = "palindrome_number", "palindrome_number\palindrome_number.csproj", "{FB461844-F15B-47DF-A588-C0E740F4F82A}"
EndProject
Global
	GlobalSection(SolutionConfigurationPlatforms) = preSolution
		Debug|Any CPU = Debug|Any CPU
		Release|Any CPU = Release|Any CPU
	EndGlobalSection
	GlobalSection(ProjectConfigurationPlatforms) = postSolution
		{FB461844-F15B-47DF-A588-C0E740F4F82A}.Debug|Any CPU.ActiveCfg = Debug|Any CPU
		{FB461844-F15B-47DF-A588-C0E740F4F82A}.Debug|Any CPU.Build.0 = Debug|Any CPU
		{FB461844-F15B-47DF-A588-C0E740F4F82A}.Release|Any CPU.ActiveCfg = Release|Any CPU
		{FB461844-F15B-47DF-A588-C0E740F4F82A}.Release|Any CPU.Build.0 = Release|Any CPU
	EndGlobalSection
EndGlobal
